
Microsoft Visual Studio Solution File, Format Version 12.00
# Visual Studio Version 17
VisualStudioVersion = 17.0.31903.59
MinimumVisualStudioVersion = 10.0.40219.1
Project("{9A19103F-16F7-4668-BE54-9A1E7A4F7556}") = "AndysPlaceV2", "AndysPlaceV2\AndysPlaceV2.csproj", "{582BA2F8-71B6-422D-BE5F-A60F6C1DF041}"
EndProject
Global
	GlobalSection(SolutionConfigurationPlatforms) = preSolution
		Debug|Any CPU = Debug|Any CPU
		Release|Any CPU = Release|Any CPU
	EndGlobalSection
	GlobalSection(ProjectConfigurationPlatforms) = postSolution
		{582BA2F8-71B6-422D-BE5F-A60F6C1DF041}.Debug|Any CPU.ActiveCfg = Debug|Any CPU
		{582BA2F8-71B6-422D-BE5F-A60F6C1DF041}.Debug|Any CPU.Build.0 = Debug|Any CPU
		{582BA2F8-71B6-422D-BE5F-A60F6C1DF041}.Release|Any CPU.ActiveCfg = Release|Any CPU
		{582BA2F8-71B6-422D-BE5F-A60F6C1DF041}.Release|Any CPU.Build.0 = Release|Any CPU
	EndGlobalSection
	GlobalSection(SolutionProperties) = preSolution
		HideSolutionNode = FALSE
	EndGlobalSection
	GlobalSection(ExtensibilityGlobals) = postSolution
		SolutionGuid = {A50C19A9-B7FD-4A6A-98A7-A24F4C291875}
	EndGlobalSection
EndGlobal
